
Microsoft Visual Studio Solution File, Format Version 12.00
# Visual Studio 14
VisualStudioVersion = 14.0.25420.1
MinimumVisualStudioVersion = 10.0.40219.1
Project("{8BC9CEB8-8B4A-11D0-8D11-00A0C91BC942}") = "TLSLIB", "TLSLIB\TLSLIB.vcxproj", "{04B626BF-DE80-4D50-9623-AFC1AF93B67C}"
EndProject
Project("{8BC9CEB8-8B4A-11D0-8D11-00A0C91BC942}") = "Enclave", "Enclave\Enclave.vcxproj", "{BEA82059-8986-40CE-B03D-4111CBA560C8}"
	ProjectSection(ProjectDependencies) = postProject
		{04B626BF-DE80-4D50-9623-AFC1AF93B67C} = {04B626BF-DE80-4D50-9623-AFC1AF93B67C}
	EndProjectSection
EndProject
Project("{8BC9CEB8-8B4A-11D0-8D11-00A0C91BC942}") = "Auction", "Auction\Auction.vcxproj", "{5AB0C752-3B3B-429E-9985-49AE17130DBD}"
EndProject
Global
	GlobalSection(SolutionConfigurationPlatforms) = preSolution
		Debug|x64 = Debug|x64
		Debug|x86 = Debug|x86
		Prerelease|x64 = Prerelease|x64
		Prerelease|x86 = Prerelease|x86
		Release|x64 = Release|x64
		Release|x86 = Release|x86
		Simulation|x64 = Simulation|x64
		Simulation|x86 = Simulation|x86
	EndGlobalSection
	GlobalSection(ProjectConfigurationPlatforms) = postSolution
		{04B626BF-DE80-4D50-9623-AFC1AF93B67C}.Debug|x64.ActiveCfg = Debug|x64
		{04B626BF-DE80-4D50-9623-AFC1AF93B67C}.Debug|x64.Build.0 = Debug|x64
		{04B626BF-DE80-4D50-9623-AFC1AF93B67C}.Debug|x86.ActiveCfg = Debug|Win32
		{04B626BF-DE80-4D50-9623-AFC1AF93B67C}.Debug|x86.Build.0 = Debug|Win32
		{04B626BF-DE80-4D50-9623-AFC1AF93B67C}.Prerelease|x64.ActiveCfg = Prerelease|x64
		{04B626BF-DE80-4D50-9623-AFC1AF93B67C}.Prerelease|x64.Build.0 = Prerelease|x64
		{04B626BF-DE80-4D50-9623-AFC1AF93B67C}.Prerelease|x86.ActiveCfg = Prerelease|Win32
		{04B626BF-DE80-4D50-9623-AFC1AF93B67C}.Prerelease|x86.Build.0 = Prerelease|Win32
		{04B626BF-DE80-4D50-9623-AFC1AF93B67C}.Release|x64.ActiveCfg = Release|x64
		{04B626BF-DE80-4D50-9623-AFC1AF93B67C}.Release|x64.Build.0 = Release|x64
		{04B626BF-DE80-4D50-9623-AFC1AF93B67C}.Release|x86.ActiveCfg = Release|Win32
		{04B626BF-DE80-4D50-9623-AFC1AF93B67C}.Release|x86.Build.0 = Release|Win32
		{04B626BF-DE80-4D50-9623-AFC1AF93B67C}.Simulation|x64.ActiveCfg = Simulation|x64
		{04B626BF-DE80-4D50-9623-AFC1AF93B67C}.Simulation|x64.Build.0 = Simulation|x64
		{04B626BF-DE80-4D50-9623-AFC1AF93B67C}.Simulation|x86.ActiveCfg = Simulation|Win32
		{04B626BF-DE80-4D50-9623-AFC1AF93B67C}.Simulation|x86.Build.0 = Simulation|Win32
		{BEA82059-8986-40CE-B03D-4111CBA560C8}.Debug|x64.ActiveCfg = Debug|x64
		{BEA82059-8986-40CE-B03D-4111CBA560C8}.Debug|x64.Build.0 = Debug|x64
		{BEA82059-8986-40CE-B03D-4111CBA560C8}.Debug|x86.ActiveCfg = Debug|Win32
		{BEA82059-8986-40CE-B03D-4111CBA560C8}.Debug|x86.Build.0 = Debug|Win32
		{BEA82059-8986-40CE-B03D-4111CBA560C8}.Prerelease|x64.ActiveCfg = Prerelease|x64
		{BEA82059-8986-40CE-B03D-4111CBA560C8}.Prerelease|x64.Build.0 = Prerelease|x64
		{BEA82059-8986-40CE-B03D-4111CBA560C8}.Prerelease|x86.ActiveCfg = Prerelease|Win32
		{BEA82059-8986-40CE-B03D-4111CBA560C8}.Prerelease|x86.Build.0 = Prerelease|Win32
		{BEA82059-8986-40CE-B03D-4111CBA560C8}.Release|x64.ActiveCfg = Release|x64
		{BEA82059-8986-40CE-B03D-4111CBA560C8}.Release|x64.Build.0 = Release|x64
		{BEA82059-8986-40CE-B03D-4111CBA560C8}.Release|x86.ActiveCfg = Release|Win32
		{BEA82059-8986-40CE-B03D-4111CBA560C8}.Release|x86.Build.0 = Release|Win32
		{BEA82059-8986-40CE-B03D-4111CBA560C8}.Simulation|x64.ActiveCfg = Simulation|x64
		{BEA82059-8986-40CE-B03D-4111CBA560C8}.Simulation|x64.Build.0 = Simulation|x64
		{BEA82059-8986-40CE-B03D-4111CBA560C8}.Simulation|x86.ActiveCfg = Simulation|Win32
		{BEA82059-8986-40CE-B03D-4111CBA560C8}.Simulation|x86.Build.0 = Simulation|Win32
		{5AB0C752-3B3B-429E-9985-49AE17130DBD}.Debug|x64.ActiveCfg = Debug|x64
		{5AB0C752-3B3B-429E-9985-49AE17130DBD}.Debug|x64.Build.0 = Debug|x64
		{5AB0C752-3B3B-429E-9985-49AE17130DBD}.Debug|x86.ActiveCfg = Debug|Win32
		{5AB0C752-3B3B-429E-9985-49AE17130DBD}.Debug|x86.Build.0 = Debug|Win32
		{5AB0C752-3B3B-429E-9985-49AE17130DBD}.Prerelease|x64.ActiveCfg = Prerelease|x64
		{5AB0C752-3B3B-429E-9985-49AE17130DBD}.Prerelease|x64.Build.0 = Prerelease|x64
		{5AB0C752-3B3B-429E-9985-49AE17130DBD}.Prerelease|x86.ActiveCfg = Prerelease|Win32
		{5AB0C752-3B3B-429E-9985-49AE17130DBD}.Prerelease|x86.Build.0 = Prerelease|Win32
		{5AB0C752-3B3B-429E-9985-49AE17130DBD}.Release|x64.ActiveCfg = Release|x64
		{5AB0C752-3B3B-429E-9985-49AE17130DBD}.Release|x64.Build.0 = Release|x64
		{5AB0C752-3B3B-429E-9985-49AE17130DBD}.Release|x86.ActiveCfg = Release|Win32
		{5AB0C752-3B3B-429E-9985-49AE17130DBD}.Release|x86.Build.0 = Release|Win32
		{5AB0C752-3B3B-429E-9985-49AE17130DBD}.Simulation|x64.ActiveCfg = Simulation|x64
		{5AB0C752-3B3B-429E-9985-49AE17130DBD}.Simulation|x64.Build.0 = Simulation|x64
		{5AB0C752-3B3B-429E-9985-49AE17130DBD}.Simulation|x86.ActiveCfg = Simulation|Win32
		{5AB0C752-3B3B-429E-9985-49AE17130DBD}.Simulation|x86.Build.0 = Simulation|Win32
	EndGlobalSection
	GlobalSection(SolutionProperties) = preSolution
		HideSolutionNode = FALSE
	EndGlobalSection
	GlobalSection(ExtensibilityGlobals) = postSolution
		SolutionGuid = {F0120C9B-CD7F-47CE-BBFF-DE22027DCDA6}
	EndGlobalSection
EndGlobal
