
Microsoft Visual Studio Solution File, Format Version 12.00
# Visual Studio 14
VisualStudioVersion = 14.0.25420.1
MinimumVisualStudioVersion = 10.0.40219.1
Project("{8BC9CEB8-8B4A-11D0-8D11-00A0C91BC942}") = "TLSLIB", "TLSLIB\TLSLIB.vcxproj", "{04B626BF-DE80-4D50-9623-AFC1AF93B67C}"
EndProject
Project("{8BC9CEB8-8B4A-11D0-8D11-00A0C91BC942}") = "Enclave", "Enclave\Enclave.vcxproj", "{BEA82059-8986-40CE-B03D-4111CBA560C8}"
	ProjectSection(ProjectDependencies) = postProject
		{04B626BF-DE80-4D50-9623-AFC1AF93B67C} = {04B626BF-DE80-4D50-9623-AFC1AF93B67C}
	EndProjectSection
EndProject
Project("{8BC9CEB8-8B4A-11D0-8D11-00A0C91BC942}") = "EnclaveLink", "EnclaveLink\EnclaveLink.vcxproj", "{26CAFEF4-B55D-4173-9C74-A155B369E9FC}"
	ProjectSection(ProjectDependencies) = postProject
		{BEA82059-8986-40CE-B03D-4111CBA560C8} = {BEA82059-8986-40CE-B03D-4111CBA560C8}
	EndProjectSection
EndProject
Project("{8BC9CEB8-8B4A-11D0-8D11-00A0C91BC942}") = "ManagedEnclave", "ManagedEnclave\ManagedEnclave.vcxproj", "{CA7A53A4-5F18-41D1-BC25-38B512E62D3C}"
	ProjectSection(ProjectDependencies) = postProject
		{26CAFEF4-B55D-4173-9C74-A155B369E9FC} = {26CAFEF4-B55D-4173-9C74-A155B369E9FC}
	EndProjectSection
EndProject
Project("{FAE04EC0-301F-11D3-BF4B-00C04F79EFBC}") = "App", "App\App.csproj", "{BF5E0EE6-613F-4963-B1FC-1747C1288445}"
	ProjectSection(ProjectDependencies) = postProject
		{C3876023-CE34-4649-BCE6-748AF080B207} = {C3876023-CE34-4649-BCE6-748AF080B207}
	EndProjectSection
EndProject
Project("{FAE04EC0-301F-11D3-BF4B-00C04F79EFBC}") = "ManagedAuction", "ManagedAuction\ManagedAuction.csproj", "{C3876023-CE34-4649-BCE6-748AF080B207}"
EndProject
Global
	GlobalSection(SolutionConfigurationPlatforms) = preSolution
		Debug|Any CPU = Debug|Any CPU
		Debug|x64 = Debug|x64
		Debug|x86 = Debug|x86
		Prerelease|Any CPU = Prerelease|Any CPU
		Prerelease|x64 = Prerelease|x64
		Prerelease|x86 = Prerelease|x86
		Release|Any CPU = Release|Any CPU
		Release|x64 = Release|x64
		Release|x86 = Release|x86
		Simulation|Any CPU = Simulation|Any CPU
		Simulation|x64 = Simulation|x64
		Simulation|x86 = Simulation|x86
	EndGlobalSection
	GlobalSection(ProjectConfigurationPlatforms) = postSolution
		{04B626BF-DE80-4D50-9623-AFC1AF93B67C}.Debug|Any CPU.ActiveCfg = Debug|Win32
		{04B626BF-DE80-4D50-9623-AFC1AF93B67C}.Debug|x64.ActiveCfg = Debug|x64
		{04B626BF-DE80-4D50-9623-AFC1AF93B67C}.Debug|x64.Build.0 = Debug|x64
		{04B626BF-DE80-4D50-9623-AFC1AF93B67C}.Debug|x86.ActiveCfg = Debug|Win32
		{04B626BF-DE80-4D50-9623-AFC1AF93B67C}.Debug|x86.Build.0 = Debug|Win32
		{04B626BF-DE80-4D50-9623-AFC1AF93B67C}.Prerelease|Any CPU.ActiveCfg = Prerelease|Win32
		{04B626BF-DE80-4D50-9623-AFC1AF93B67C}.Prerelease|x64.ActiveCfg = Prerelease|x64
		{04B626BF-DE80-4D50-9623-AFC1AF93B67C}.Prerelease|x64.Build.0 = Prerelease|x64
		{04B626BF-DE80-4D50-9623-AFC1AF93B67C}.Prerelease|x86.ActiveCfg = Prerelease|Win32
		{04B626BF-DE80-4D50-9623-AFC1AF93B67C}.Prerelease|x86.Build.0 = Prerelease|Win32
		{04B626BF-DE80-4D50-9623-AFC1AF93B67C}.Release|Any CPU.ActiveCfg = Release|Win32
		{04B626BF-DE80-4D50-9623-AFC1AF93B67C}.Release|x64.ActiveCfg = Release|x64
		{04B626BF-DE80-4D50-9623-AFC1AF93B67C}.Release|x64.Build.0 = Release|x64
		{04B626BF-DE80-4D50-9623-AFC1AF93B67C}.Release|x86.ActiveCfg = Release|Win32
		{04B626BF-DE80-4D50-9623-AFC1AF93B67C}.Release|x86.Build.0 = Release|Win32
		{04B626BF-DE80-4D50-9623-AFC1AF93B67C}.Simulation|Any CPU.ActiveCfg = Simulation|Win32
		{04B626BF-DE80-4D50-9623-AFC1AF93B67C}.Simulation|x64.ActiveCfg = Simulation|x64
		{04B626BF-DE80-4D50-9623-AFC1AF93B67C}.Simulation|x64.Build.0 = Simulation|x64
		{04B626BF-DE80-4D50-9623-AFC1AF93B67C}.Simulation|x86.ActiveCfg = Simulation|Win32
		{04B626BF-DE80-4D50-9623-AFC1AF93B67C}.Simulation|x86.Build.0 = Simulation|Win32
		{BEA82059-8986-40CE-B03D-4111CBA560C8}.Debug|Any CPU.ActiveCfg = Debug|Win32
		{BEA82059-8986-40CE-B03D-4111CBA560C8}.Debug|x64.ActiveCfg = Debug|x64
		{BEA82059-8986-40CE-B03D-4111CBA560C8}.Debug|x64.Build.0 = Debug|x64
		{BEA82059-8986-40CE-B03D-4111CBA560C8}.Debug|x86.ActiveCfg = Debug|Win32
		{BEA82059-8986-40CE-B03D-4111CBA560C8}.Debug|x86.Build.0 = Debug|Win32
		{BEA82059-8986-40CE-B03D-4111CBA560C8}.Prerelease|Any CPU.ActiveCfg = Prerelease|Win32
		{BEA82059-8986-40CE-B03D-4111CBA560C8}.Prerelease|x64.ActiveCfg = Prerelease|x64
		{BEA82059-8986-40CE-B03D-4111CBA560C8}.Prerelease|x64.Build.0 = Prerelease|x64
		{BEA82059-8986-40CE-B03D-4111CBA560C8}.Prerelease|x86.ActiveCfg = Prerelease|Win32
		{BEA82059-8986-40CE-B03D-4111CBA560C8}.Prerelease|x86.Build.0 = Prerelease|Win32
		{BEA82059-8986-40CE-B03D-4111CBA560C8}.Release|Any CPU.ActiveCfg = Release|Win32
		{BEA82059-8986-40CE-B03D-4111CBA560C8}.Release|x64.ActiveCfg = Release|x64
		{BEA82059-8986-40CE-B03D-4111CBA560C8}.Release|x64.Build.0 = Release|x64
		{BEA82059-8986-40CE-B03D-4111CBA560C8}.Release|x86.ActiveCfg = Release|Win32
		{BEA82059-8986-40CE-B03D-4111CBA560C8}.Release|x86.Build.0 = Release|Win32
		{BEA82059-8986-40CE-B03D-4111CBA560C8}.Simulation|Any CPU.ActiveCfg = Simulation|Win32
		{BEA82059-8986-40CE-B03D-4111CBA560C8}.Simulation|x64.ActiveCfg = Simulation|x64
		{BEA82059-8986-40CE-B03D-4111CBA560C8}.Simulation|x64.Build.0 = Simulation|x64
		{BEA82059-8986-40CE-B03D-4111CBA560C8}.Simulation|x86.ActiveCfg = Simulation|Win32
		{BEA82059-8986-40CE-B03D-4111CBA560C8}.Simulation|x86.Build.0 = Simulation|Win32
		{26CAFEF4-B55D-4173-9C74-A155B369E9FC}.Debug|Any CPU.ActiveCfg = Debug|Win32
		{26CAFEF4-B55D-4173-9C74-A155B369E9FC}.Debug|x64.ActiveCfg = Debug|x64
		{26CAFEF4-B55D-4173-9C74-A155B369E9FC}.Debug|x64.Build.0 = Debug|x64
		{26CAFEF4-B55D-4173-9C74-A155B369E9FC}.Debug|x86.ActiveCfg = Debug|Win32
		{26CAFEF4-B55D-4173-9C74-A155B369E9FC}.Debug|x86.Build.0 = Debug|Win32
		{26CAFEF4-B55D-4173-9C74-A155B369E9FC}.Prerelease|Any CPU.ActiveCfg = Prerelease|Win32
		{26CAFEF4-B55D-4173-9C74-A155B369E9FC}.Prerelease|x64.ActiveCfg = Prerelease|x64
		{26CAFEF4-B55D-4173-9C74-A155B369E9FC}.Prerelease|x64.Build.0 = Prerelease|x64
		{26CAFEF4-B55D-4173-9C74-A155B369E9FC}.Prerelease|x86.ActiveCfg = Prerelease|Win32
		{26CAFEF4-B55D-4173-9C74-A155B369E9FC}.Prerelease|x86.Build.0 = Prerelease|Win32
		{26CAFEF4-B55D-4173-9C74-A155B369E9FC}.Release|Any CPU.ActiveCfg = Release|Win32
		{26CAFEF4-B55D-4173-9C74-A155B369E9FC}.Release|x64.ActiveCfg = Release|x64
		{26CAFEF4-B55D-4173-9C74-A155B369E9FC}.Release|x64.Build.0 = Release|x64
		{26CAFEF4-B55D-4173-9C74-A155B369E9FC}.Release|x86.ActiveCfg = Release|Win32
		{26CAFEF4-B55D-4173-9C74-A155B369E9FC}.Release|x86.Build.0 = Release|Win32
		{26CAFEF4-B55D-4173-9C74-A155B369E9FC}.Simulation|Any CPU.ActiveCfg = Simulation|Win32
		{26CAFEF4-B55D-4173-9C74-A155B369E9FC}.Simulation|x64.ActiveCfg = Simulation|x64
		{26CAFEF4-B55D-4173-9C74-A155B369E9FC}.Simulation|x64.Build.0 = Simulation|x64
		{26CAFEF4-B55D-4173-9C74-A155B369E9FC}.Simulation|x86.ActiveCfg = Simulation|Win32
		{26CAFEF4-B55D-4173-9C74-A155B369E9FC}.Simulation|x86.Build.0 = Simulation|Win32
		{CA7A53A4-5F18-41D1-BC25-38B512E62D3C}.Debug|Any CPU.ActiveCfg = Debug|Win32
		{CA7A53A4-5F18-41D1-BC25-38B512E62D3C}.Debug|x64.ActiveCfg = Debug|x64
		{CA7A53A4-5F18-41D1-BC25-38B512E62D3C}.Debug|x64.Build.0 = Debug|x64
		{CA7A53A4-5F18-41D1-BC25-38B512E62D3C}.Debug|x86.ActiveCfg = Debug|Win32
		{CA7A53A4-5F18-41D1-BC25-38B512E62D3C}.Debug|x86.Build.0 = Debug|Win32
		{CA7A53A4-5F18-41D1-BC25-38B512E62D3C}.Prerelease|Any CPU.ActiveCfg = Release|x64
		{CA7A53A4-5F18-41D1-BC25-38B512E62D3C}.Prerelease|Any CPU.Build.0 = Release|x64
		{CA7A53A4-5F18-41D1-BC25-38B512E62D3C}.Prerelease|x64.ActiveCfg = Release|x64
		{CA7A53A4-5F18-41D1-BC25-38B512E62D3C}.Prerelease|x64.Build.0 = Release|x64
		{CA7A53A4-5F18-41D1-BC25-38B512E62D3C}.Prerelease|x86.ActiveCfg = Release|Win32
		{CA7A53A4-5F18-41D1-BC25-38B512E62D3C}.Prerelease|x86.Build.0 = Release|Win32
		{CA7A53A4-5F18-41D1-BC25-38B512E62D3C}.Release|Any CPU.ActiveCfg = Release|Win32
		{CA7A53A4-5F18-41D1-BC25-38B512E62D3C}.Release|x64.ActiveCfg = Release|x64
		{CA7A53A4-5F18-41D1-BC25-38B512E62D3C}.Release|x64.Build.0 = Release|x64
		{CA7A53A4-5F18-41D1-BC25-38B512E62D3C}.Release|x86.ActiveCfg = Release|Win32
		{CA7A53A4-5F18-41D1-BC25-38B512E62D3C}.Release|x86.Build.0 = Release|Win32
		{CA7A53A4-5F18-41D1-BC25-38B512E62D3C}.Simulation|Any CPU.ActiveCfg = Release|x64
		{CA7A53A4-5F18-41D1-BC25-38B512E62D3C}.Simulation|Any CPU.Build.0 = Release|x64
		{CA7A53A4-5F18-41D1-BC25-38B512E62D3C}.Simulation|x64.ActiveCfg = Release|x64
		{CA7A53A4-5F18-41D1-BC25-38B512E62D3C}.Simulation|x64.Build.0 = Release|x64
		{CA7A53A4-5F18-41D1-BC25-38B512E62D3C}.Simulation|x86.ActiveCfg = Release|Win32
		{CA7A53A4-5F18-41D1-BC25-38B512E62D3C}.Simulation|x86.Build.0 = Release|Win32
		{BF5E0EE6-613F-4963-B1FC-1747C1288445}.Debug|Any CPU.ActiveCfg = Debug|Any CPU
		{BF5E0EE6-613F-4963-B1FC-1747C1288445}.Debug|Any CPU.Build.0 = Debug|Any CPU
		{BF5E0EE6-613F-4963-B1FC-1747C1288445}.Debug|x64.ActiveCfg = Debug|Any CPU
		{BF5E0EE6-613F-4963-B1FC-1747C1288445}.Debug|x64.Build.0 = Debug|Any CPU
		{BF5E0EE6-613F-4963-B1FC-1747C1288445}.Debug|x86.ActiveCfg = Debug|Any CPU
		{BF5E0EE6-613F-4963-B1FC-1747C1288445}.Debug|x86.Build.0 = Debug|Any CPU
		{BF5E0EE6-613F-4963-B1FC-1747C1288445}.Prerelease|Any CPU.ActiveCfg = Release|Any CPU
		{BF5E0EE6-613F-4963-B1FC-1747C1288445}.Prerelease|Any CPU.Build.0 = Release|Any CPU
		{BF5E0EE6-613F-4963-B1FC-1747C1288445}.Prerelease|x64.ActiveCfg = Release|Any CPU
		{BF5E0EE6-613F-4963-B1FC-1747C1288445}.Prerelease|x64.Build.0 = Release|Any CPU
		{BF5E0EE6-613F-4963-B1FC-1747C1288445}.Prerelease|x86.ActiveCfg = Release|Any CPU
		{BF5E0EE6-613F-4963-B1FC-1747C1288445}.Prerelease|x86.Build.0 = Release|Any CPU
		{BF5E0EE6-613F-4963-B1FC-1747C1288445}.Release|Any CPU.ActiveCfg = Release|Any CPU
		{BF5E0EE6-613F-4963-B1FC-1747C1288445}.Release|Any CPU.Build.0 = Release|Any CPU
		{BF5E0EE6-613F-4963-B1FC-1747C1288445}.Release|x64.ActiveCfg = Release|Any CPU
		{BF5E0EE6-613F-4963-B1FC-1747C1288445}.Release|x64.Build.0 = Release|Any CPU
		{BF5E0EE6-613F-4963-B1FC-1747C1288445}.Release|x86.ActiveCfg = Release|Any CPU
		{BF5E0EE6-613F-4963-B1FC-1747C1288445}.Release|x86.Build.0 = Release|Any CPU
		{BF5E0EE6-613F-4963-B1FC-1747C1288445}.Simulation|Any CPU.ActiveCfg = Release|Any CPU
		{BF5E0EE6-613F-4963-B1FC-1747C1288445}.Simulation|Any CPU.Build.0 = Release|Any CPU
		{BF5E0EE6-613F-4963-B1FC-1747C1288445}.Simulation|x64.ActiveCfg = Release|Any CPU
		{BF5E0EE6-613F-4963-B1FC-1747C1288445}.Simulation|x64.Build.0 = Release|Any CPU
		{BF5E0EE6-613F-4963-B1FC-1747C1288445}.Simulation|x86.ActiveCfg = Release|Any CPU
		{BF5E0EE6-613F-4963-B1FC-1747C1288445}.Simulation|x86.Build.0 = Release|Any CPU
		{C3876023-CE34-4649-BCE6-748AF080B207}.Debug|Any CPU.ActiveCfg = Debug|Any CPU
		{C3876023-CE34-4649-BCE6-748AF080B207}.Debug|Any CPU.Build.0 = Debug|Any CPU
		{C3876023-CE34-4649-BCE6-748AF080B207}.Debug|x64.ActiveCfg = Debug|Any CPU
		{C3876023-CE34-4649-BCE6-748AF080B207}.Debug|x64.Build.0 = Debug|Any CPU
		{C3876023-CE34-4649-BCE6-748AF080B207}.Debug|x86.ActiveCfg = Debug|Any CPU
		{C3876023-CE34-4649-BCE6-748AF080B207}.Debug|x86.Build.0 = Debug|Any CPU
		{C3876023-CE34-4649-BCE6-748AF080B207}.Prerelease|Any CPU.ActiveCfg = Release|Any CPU
		{C3876023-CE34-4649-BCE6-748AF080B207}.Prerelease|Any CPU.Build.0 = Release|Any CPU
		{C3876023-CE34-4649-BCE6-748AF080B207}.Prerelease|x64.ActiveCfg = Release|Any CPU
		{C3876023-CE34-4649-BCE6-748AF080B207}.Prerelease|x64.Build.0 = Release|Any CPU
		{C3876023-CE34-4649-BCE6-748AF080B207}.Prerelease|x86.ActiveCfg = Release|Any CPU
		{C3876023-CE34-4649-BCE6-748AF080B207}.Prerelease|x86.Build.0 = Release|Any CPU
		{C3876023-CE34-4649-BCE6-748AF080B207}.Release|Any CPU.ActiveCfg = Release|Any CPU
		{C3876023-CE34-4649-BCE6-748AF080B207}.Release|Any CPU.Build.0 = Release|Any CPU
		{C3876023-CE34-4649-BCE6-748AF080B207}.Release|x64.ActiveCfg = Release|Any CPU
		{C3876023-CE34-4649-BCE6-748AF080B207}.Release|x64.Build.0 = Release|Any CPU
		{C3876023-CE34-4649-BCE6-748AF080B207}.Release|x86.ActiveCfg = Release|Any CPU
		{C3876023-CE34-4649-BCE6-748AF080B207}.Release|x86.Build.0 = Release|Any CPU
		{C3876023-CE34-4649-BCE6-748AF080B207}.Simulation|Any CPU.ActiveCfg = Release|Any CPU
		{C3876023-CE34-4649-BCE6-748AF080B207}.Simulation|Any CPU.Build.0 = Release|Any CPU
		{C3876023-CE34-4649-BCE6-748AF080B207}.Simulation|x64.ActiveCfg = Release|Any CPU
		{C3876023-CE34-4649-BCE6-748AF080B207}.Simulation|x64.Build.0 = Release|Any CPU
		{C3876023-CE34-4649-BCE6-748AF080B207}.Simulation|x86.ActiveCfg = Release|Any CPU
		{C3876023-CE34-4649-BCE6-748AF080B207}.Simulation|x86.Build.0 = Release|Any CPU
	EndGlobalSection
	GlobalSection(SolutionProperties) = preSolution
		HideSolutionNode = FALSE
	EndGlobalSection
	GlobalSection(ExtensibilityGlobals) = postSolution
		SolutionGuid = {F0120C9B-CD7F-47CE-BBFF-DE22027DCDA6}
	EndGlobalSection
EndGlobal
